{
  "version": 1,
  "dependencies": {
    ".NETCoreApp,Version=v3.1": {
      "JetBrains.Annotations": {
        "type": "Direct",
        "requested": "[2020.3.0, )",
        "resolved": "2020.3.0",
        "contentHash": "FnX06vtxuoZnhZdR6UHt5kJ7HUC/syODfGLnhPDn1x5sXvvepNyCl4jMtPUzJfsPWh7q0Jo+AIYz5xaVbbyikA=="
      },
      "Zio": {
        "type": "Direct",
        "requested": "[0.11.0, )",
        "resolved": "0.11.0",
        "contentHash": "eNHy6n/UCuQKtqCVw2XIw7L9g1/5vEFuMJ8aLM6tXLxh+vAFajwW1+oFAL65t31YNWro0uLDCez5mGsamC73QA=="
      }
    },
    ".NETCoreApp,Version=v5.0": {
      "JetBrains.Annotations": {
        "type": "Direct",
        "requested": "[2020.3.0, )",
        "resolved": "2020.3.0",
        "contentHash": "FnX06vtxuoZnhZdR6UHt5kJ7HUC/syODfGLnhPDn1x5sXvvepNyCl4jMtPUzJfsPWh7q0Jo+AIYz5xaVbbyikA=="
      },
      "Zio": {
        "type": "Direct",
        "requested": "[0.11.0, )",
        "resolved": "0.11.0",
        "contentHash": "eNHy6n/UCuQKtqCVw2XIw7L9g1/5vEFuMJ8aLM6tXLxh+vAFajwW1+oFAL65t31YNWro0uLDCez5mGsamC73QA=="
      }
    }
  }
}